golang.org/x/sys v0.0.0-20201119102817-f84b799fce68/go.mod h1:h1NjWce9XRLGQEsW7wpKNCjG9DtNlClVuFLEZdDNbEs=
golang.org/x/sys v0.0.0-20201207223542-d4d67f95c62d h1:MiWWjyhUzZ+jvhZvloX6ZrUsdEghn8a64Upd8EMHglE=
golang.org/x/sys v0.0.0-20201207223542-d4d67f95c62d/go.mod h1:h1NjWce9XRLGQEsW7wpKNCjG9DtNlClVuFLEZdDNbEs=
golang.org/x/term v0.0.0-20201207232118-ee85cb95a76b h1:a0ErnNnPKmhDyIXQvdZr+Lq8dc8xpMeqkF8y5PgQU4Q=
golang.org/x/term v0.0.0-20201207232118-ee85cb95a76b/go.mod h1:bj7SfCRtBDWHUb9snDiAeCFNEtKQo2Wmx5Cou7ajbmo=
